// !$*UTF8*$!
{
	archiveVersion = 1;
	classes = {
	};
	objectVersion = 50;
	objects = {

/* Begin PBXBuildFile section */
		B5012D1D22F177D300899585 /* AppDelegate.swift in Sources */ = {isa = PBXBuildFile; fileRef = B5012D1C22F177D300899585 /* AppDelegate.swift */; };
		B5012D2222F177D300899585 /* Main.storyboard in Resources */ = {isa = PBXBuildFile; fileRef = B5012D2022F177D300899585 /* Main.storyboard */; };
		B5012D2422F177D300899585 /* Assets.xcassets in Resources */ = {isa = PBXBuildFile; fileRef = B5012D2322F177D300899585 /* Assets.xcassets */; };
		B5012D2722F177D300899585 /* LaunchScreen.storyboard in Resources */ = {isa = PBXBuildFile; fileRef = B5012D2522F177D300899585 /* LaunchScreen.storyboard */; };
		B5012D3222F177D300899585 /* ClickTests.swift in Sources */ = {isa = PBXBuildFile; fileRef = B5012D3122F177D300899585 /* ClickTests.swift */; };
		B5012D3D22F177D300899585 /* ClickUITests.swift in Sources */ = {isa = PBXBuildFile; fileRef = B5012D3C22F177D300899585 /* ClickUITests.swift */; };
		B56C71C023AC7C2C00167BC6 /* GameMap.swift in Sources */ = {isa = PBXBuildFile; fileRef = B56C71BF23AC7C2C00167BC6 /* GameMap.swift */; };
		B56C71C223AC7CB600167BC6 /* PlayerTurn.swift in Sources */ = {isa = PBXBuildFile; fileRef = B56C71C123AC7CB500167BC6 /* PlayerTurn.swift */; };
		B597FA6E237EED9C00C0A70D /* VSPlayerGameViewController.swift in Sources */ = {isa = PBXBuildFile; fileRef = B597FA6D237EED9C00C0A70D /* VSPlayerGameViewController.swift */; };
		B5D424FC23AE534E00746CB5 /* CharacterDelegate.swift in Sources */ = {isa = PBXBuildFile; fileRef = B5D424FB23AE534E00746CB5 /* CharacterDelegate.swift */; };
		B5D424FE23AF1D3D00746CB5 /* SelectGameModeViewController.swift in Sources */ = {isa = PBXBuildFile; fileRef = B5D424FD23AF1D3D00746CB5 /* SelectGameModeViewController.swift */; };
		B5E2767223B1204C00FD8444 /* VSBossViewController.swift in Sources */ = {isa = PBXBuildFile; fileRef = B5E2767123B1204C00FD8444 /* VSBossViewController.swift */; };
		B5FC36F023AE523300833A59 /* CharacterViewController.swift in Sources */ = {isa = PBXBuildFile; fileRef = B5FC36EF23AE523300833A59 /* CharacterViewController.swift */; };
/* End PBXBuildFile section */

/* Begin PBXContainerItemProxy section */
		B5012D2E22F177D300899585 /* PBXContainerItemProxy */ = {
			isa = PBXContainerItemProxy;
			containerPortal = B5012D1122F177D300899585 /* Project object */;
			proxyType = 1;
			remoteGlobalIDString = B5012D1822F177D300899585;
			remoteInfo = Click;
		};
		B5012D3922F177D300899585 /* PBXContainerItemProxy */ = {
			isa = PBXContainerItemProxy;
			containerPortal = B5012D1122F177D300899585 /* Project object */;
			proxyType = 1;
			remoteGlobalIDString = B5012D1822F177D300899585;
			remoteInfo = Click;
		};
/* End PBXContainerItemProxy section */

/* Begin PBXFileReference section */
		B5012D1922F177D300899585 /* Click.app */ = {isa = PBXFileReference; explicitFileType = wrapper.application; includeInIndex = 0; path = Click.app; sourceTree = BUILT_PRODUCTS_DIR; };
		B5012D1C22F177D300899585 /* AppDelegate.swift */ = {isa = PBXFileReference; lastKnownFileType = sourcecode.swift; path = AppDelegate.swift; sourceTree = "<group>"; };
		B5012D2122F177D300899585 /* Base */ = {isa = PBXFileReference; lastKnownFileType = file.storyboard; name = Base; path = Base.lproj/Main.storyboard; sourceTree = "<group>"; };
		B5012D2322F177D300899585 /* Assets.xcassets */ = {isa = PBXFileReference; lastKnownFileType = folder.assetcatalog; path = Assets.xcassets; sourceTree = "<group>"; };
		B5012D2622F177D300899585 /* Base */ = {isa = PBXFileReference; lastKnownFileType = file.storyboard; name = Base; path = Base.lproj/LaunchScreen.storyboard; sourceTree = "<group>"; };
		B5012D2822F177D300899585 /* Info.plist */ = {isa = PBXFileReference; lastKnownFileType = text.plist.xml; path = Info.plist; sourceTree = "<group>"; };
		B5012D2D22F177D300899585 /* ClickTests.xctest */ = {isa = PBXFileReference; explicitFileType = wrapper.cfbundle; includeInIndex = 0; path = ClickTests.xctest; sourceTree = BUILT_PRODUCTS_DIR; };
		B5012D3122F177D300899585 /* ClickTests.swift */ = {isa = PBXFileReference; lastKnownFileType = sourcecode.swift; path = ClickTests.swift; sourceTree = "<group>"; };
		B5012D3322F177D300899585 /* Info.plist */ = {isa = PBXFileReference; lastKnownFileType = text.plist.xml; path = Info.plist; sourceTree = "<group>"; };
		B5012D3822F177D300899585 /* ClickUITests.xctest */ = {isa = PBXFileReference; explicitFileType = wrapper.cfbundle; includeInIndex = 0; path = ClickUITests.xctest; sourceTree = BUILT_PRODUCTS_DIR; };
		B5012D3C22F177D300899585 /* ClickUITests.swift */ = {isa = PBXFileReference; lastKnownFileType = sourcecode.swift; path = ClickUITests.swift; sourceTree = "<group>"; };
		B5012D3E22F177D300899585 /* Info.plist */ = {isa = PBXFileReference; lastKnownFileType = text.plist.xml; path = Info.plist; sourceTree = "<group>"; };
		B56C71BF23AC7C2C00167BC6 /* GameMap.swift */ = {isa = PBXFileReference; lastKnownFileType = sourcecode.swift; path = GameMap.swift; sourceTree = "<group>"; };
		B56C71C123AC7CB500167BC6 /* PlayerTurn.swift */ = {isa = PBXFileReference; lastKnownFileType = sourcecode.swift; path = PlayerTurn.swift; sourceTree = "<group>"; };
		B597FA6D237EED9C00C0A70D /* VSPlayerGameViewController.swift */ = {isa = PBXFileReference; lastKnownFileType = sourcecode.swift; path = VSPlayerGameViewController.swift; sourceTree = "<group>"; };
		B5D424FB23AE534E00746CB5 /* CharacterDelegate.swift */ = {isa = PBXFileReference; lastKnownFileType = sourcecode.swift; path = CharacterDelegate.swift; sourceTree = "<group>"; };
		B5D424FD23AF1D3D00746CB5 /* SelectGameModeViewController.swift */ = {isa = PBXFileReference; lastKnownFileType = sourcecode.swift; path = SelectGameModeViewController.swift; sourceTree = "<group>"; };
		B5E2767123B1204C00FD8444 /* VSBossViewController.swift */ = {isa = PBXFileReference; fileEncoding = 4; lastKnownFileType = sourcecode.swift; path = VSBossViewController.swift; sourceTree = "<group>"; };
		B5FC36EF23AE523300833A59 /* CharacterViewController.swift */ = {isa = PBXFileReference; lastKnownFileType = sourcecode.swift; path = CharacterViewController.swift; sourceTree = "<group>"; };
/* End PBXFileReference section */

/* Begin PBXFrameworksBuildPhase section */
		B5012D1622F177D300899585 /* Frameworks */ = {
			isa = PBXFrameworksBuildPhase;
			buildActionMask = 2147483647;
			files = (
			);
			runOnlyForDeploymentPostprocessing = 0;
		};
		B5012D2A22F177D300899585 /* Frameworks */ = {
			isa = PBXFrameworksBuildPhase;
			buildActionMask = 2147483647;
			files = (
			);
			runOnlyForDeploymentPostprocessing = 0;
		};
		B5012D3522F177D300899585 /* Frameworks */ = {
			isa = PBXFrameworksBuildPhase;
			buildActionMask = 2147483647;
			files = (
			);
			runOnlyForDeploymentPostprocessing = 0;
		};
/* End PBXFrameworksBuildPhase section */

/* Begin PBXGroup section */
		B5012D1022F177D300899585 = {
			isa = PBXGroup;
			children = (
				B5012D1B22F177D300899585 /* Click */,
				B5012D3022F177D300899585 /* ClickTests */,
				B5012D3B22F177D300899585 /* ClickUITests */,
				B5012D1A22F177D300899585 /* Products */,
			);
			sourceTree = "<group>";
		};
		B5012D1A22F177D300899585 /* Products */ = {
			isa = PBXGroup;
			children = (
				B5012D1922F177D300899585 /* Click.app */,
				B5012D2D22F177D300899585 /* ClickTests.xctest */,
				B5012D3822F177D300899585 /* ClickUITests.xctest */,
			);
			name = Products;
			sourceTree = "<group>";
		};
		B5012D1B22F177D300899585 /* Click */ = {
			isa = PBXGroup;
			children = (
				B5012D1C22F177D300899585 /* AppDelegate.swift */,
				B5012D2022F177D300899585 /* Main.storyboard */,
				B56C71BF23AC7C2C00167BC6 /* GameMap.swift */,
				B5D424FB23AE534E00746CB5 /* CharacterDelegate.swift */,
				B5E2767123B1204C00FD8444 /* VSBossViewController.swift */,
				B5D424FD23AF1D3D00746CB5 /* SelectGameModeViewController.swift */,
				B597FA6D237EED9C00C0A70D /* VSPlayerGameViewController.swift */,
				B5FC36EF23AE523300833A59 /* CharacterViewController.swift */,
				B56C71C123AC7CB500167BC6 /* PlayerTurn.swift */,
				B5012D2322F177D300899585 /* Assets.xcassets */,
				B5012D2522F177D300899585 /* LaunchScreen.storyboard */,
				B5012D2822F177D300899585 /* Info.plist */,
			);
			path = Click;
			sourceTree = "<group>";
		};
		B5012D3022F177D300899585 /* ClickTests */ = {
			isa = PBXGroup;
			children = (
				B5012D3122F177D300899585 /* ClickTests.swift */,
				B5012D3322F177D300899585 /* Info.plist */,
			);
			path = ClickTests;
			sourceTree = "<group>";
		};
		B5012D3B22F177D300899585 /* ClickUITests */ = {
			isa = PBXGroup;
			children = (
				B5012D3C22F177D300899585 /* ClickUITests.swift */,
				B5012D3E22F177D300899585 /* Info.plist */,
			);
			path = ClickUITests;
			sourceTree = "<group>";
		};
/* End PBXGroup section */

/* Begin PBXNativeTarget section */
		B5012D1822F177D300899585 /* Click */ = {
			isa = PBXNativeTarget;
			buildConfigurationList = B5012D4122F177D300899585 /* Build configuration list for PBXNativeTarget "Click" */;
			buildPhases = (
				B5012D1522F177D300899585 /* Sources */,
				B5012D1622F177D300899585 /* Frameworks */,
				B5012D1722F177D300899585 /* Resources */,
			);
			buildRules = (
			);
			dependencies = (
			);
			name = Click;
			productName = Click;
			productReference = B5012D1922F177D300899585 /* Click.app */;
			productType = "com.apple.product-type.application";
		};
		B5012D2C22F177D300899585 /* ClickTests */ = {
			isa = PBXNativeTarget;
			buildConfigurationList = B5012D4422F177D300899585 /* Build configuration list for PBXNativeTarget "ClickTests" */;
			buildPhases = (
				B5012D2922F177D300899585 /* Sources */,
				B5012D2A22F177D300899585 /* Frameworks */,
				B5012D2B22F177D300899585 /* Resources */,
			);
			buildRules = (
			);
			dependencies = (
				B5012D2F22F177D300899585 /* PBXTargetDependency */,
			);
			name = ClickTests;
			productName = ClickTests;
			productReference = B5012D2D22F177D300899585 /* ClickTests.xctest */;
			productType = "com.apple.product-type.bundle.unit-test";
		};
		B5012D3722F177D300899585 /* ClickUITests */ = {
			isa = PBXNativeTarget;
			buildConfigurationList = B5012D4722F177D300899585 /* Build configuration list for PBXNativeTarget "ClickUITests" */;
			buildPhases = (
				B5012D3422F177D300899585 /* Sources */,
				B5012D3522F177D300899585 /* Frameworks */,
				B5012D3622F177D300899585 /* Resources */,
			);
			buildRules = (
			);
			dependencies = (
				B5012D3A22F177D300899585 /* PBXTargetDependency */,
			);
			name = ClickUITests;
			productName = ClickUITests;
			productReference = B5012D3822F177D300899585 /* ClickUITests.xctest */;
			productType = "com.apple.product-type.bundle.ui-testing";
		};
/* End PBXNativeTarget section */

/* Begin PBXProject section */
		B5012D1122F177D300899585 /* Project object */ = {
			isa = PBXProject;
			attributes = {
				LastSwiftUpdateCheck = 1030;
				LastUpgradeCheck = 1030;
				ORGANIZATIONNAME = "Louis Tsui";
				TargetAttributes = {
					B5012D1822F177D300899585 = {
						CreatedOnToolsVersion = 10.3;
					};
					B5012D2C22F177D300899585 = {
						CreatedOnToolsVersion = 10.3;
						TestTargetID = B5012D1822F177D300899585;
					};
					B5012D3722F177D300899585 = {
						CreatedOnToolsVersion = 10.3;
						TestTargetID = B5012D1822F177D300899585;
					};
				};
			};
			buildConfigurationList = B5012D1422F177D300899585 /* Build configuration list for PBXProject "Click" */;
			compatibilityVersion = "Xcode 9.3";
			developmentRegion = en;
			hasScannedForEncodings = 0;
			knownRegions = (
				en,
				Base,
			);
			mainGroup = B5012D1022F177D300899585;
			productRefGroup = B5012D1A22F177D300899585 /* Products */;
			projectDirPath = "";
			projectRoot = "";
			targets = (
				B5012D1822F177D300899585 /* Click */,
				B5012D2C22F177D300899585 /* ClickTests */,
				B5012D3722F177D300899585 /* ClickUITests */,
			);
		};
/* End PBXProject section */

/* Begin PBXResourcesBuildPhase section */
		B5012D1722F177D300899585 /* Resources */ = {
			isa = PBXResourcesBuildPhase;
			buildActionMask = 2147483647;
			files = (
				B5012D2722F177D300899585 /* LaunchScreen.storyboard in Resources */,
				B5012D2422F177D300899585 /* Assets.xcassets in Resources */,
				B5012D2222F177D300899585 /* Main.storyboard in Resources */,
			);
			runOnlyForDeploymentPostprocessing = 0;
		};
		B5012D2B22F177D300899585 /* Resources */ = {
			isa = PBXResourcesBuildPhase;
			buildActionMask = 2147483647;
			files = (
			);
			runOnlyForDeploymentPostprocessing = 0;
		};
		B5012D3622F177D300899585 /* Resources */ = {
			isa = PBXResourcesBuildPhase;
			buildActionMask = 2147483647;
			files = (
			);
			runOnlyForDeploymentPostprocessing = 0;
		};
/* End PBXResourcesBuildPhase section */

/* Begin PBXSourcesBuildPhase section */
		B5012D1522F177D300899585 /* Sources */ = {
			isa = PBXSourcesBuildPhase;
			buildActionMask = 2147483647;
			files = (
				B597FA6E237EED9C00C0A70D /* VSPlayerGameViewController.swift in Sources */,
				B5FC36F023AE523300833A59 /* CharacterViewController.swift in Sources */,
				B56C71C023AC7C2C00167BC6 /* GameMap.swift in Sources */,
				B56C71C223AC7CB600167BC6 /* PlayerTurn.swift in Sources */,
				B5D424FE23AF1D3D00746CB5 /* SelectGameModeViewController.swift in Sources */,
				B5D424FC23AE534E00746CB5 /* CharacterDelegate.swift in Sources */,
				B5E2767223B1204C00FD8444 /* VSBossViewController.swift in Sources */,
				B5012D1D22F177D300899585 /* AppDelegate.swift in Sources */,
			);
			runOnlyForDeploymentPostprocessing = 0;
		};
		B5012D2922F177D300899585 /* Sources */ = {
			isa = PBXSourcesBuildPhase;
			buildActionMask = 2147483647;
			files = (
				B5012D3222F177D300899585 /* ClickTests.swift in Sources */,
			);
			runOnlyForDeploymentPostprocessing = 0;
		};
		B5012D3422F177D300899585 /* Sources */ = {
			isa = PBXSourcesBuildPhase;
			buildActionMask = 2147483647;
			files = (
				B5012D3D22F177D300899585 /* ClickUITests.swift in Sources */,
			);
			runOnlyForDeploymentPostprocessing = 0;
		};
/* End PBXSourcesBuildPhase section */

/* Begin PBXTargetDependency section */
		B5012D2F22F177D300899585 /* PBXTargetDependency */ = {
			isa = PBXTargetDependency;
			target = B5012D1822F177D300899585 /* Click */;
			targetProxy = B5012D2E22F177D300899585 /* PBXContainerItemProxy */;
		};
		B5012D3A22F177D300899585 /* PBXTargetDependency */ = {
			isa = PBXTargetDependency;
			target = B5012D1822F177D300899585 /* Click */;
			targetProxy = B5012D3922F177D300899585 /* PBXContainerItemProxy */;
		};
/* End PBXTargetDependency section */

/* Begin PBXVariantGroup section */
		B5012D2022F177D300899585 /* Main.storyboard */ = {
			isa = PBXVariantGroup;
			children = (
				B5012D2122F177D300899585 /* Base */,
			);
			name = Main.storyboard;
			sourceTree = "<group>";
		};
		B5012D2522F177D300899585 /* LaunchScreen.storyboard */ = {
			isa = PBXVariantGroup;
			children = (
				B5012D2622F177D300899585 /* Base */,
			);
			name = LaunchScreen.storyboard;
			sourceTree = "<group>";
		};
/* End PBXVariantGroup section */

/* Begin XCBuildConfiguration section */
		B5012D3F22F177D300899585 /* Debug */ = {
			isa = XCBuildConfiguration;
			buildSettings = {
				ALWAYS_SEARCH_USER_PATHS = NO;
				CLANG_ANALYZER_NONNULL = YES;
				CLANG_ANALYZER_NUMBER_OBJECT_CONVERSION = YES_AGGRESSIVE;
				CLANG_CXX_LANGUAGE_STANDARD = "gnu++14";
				CLANG_CXX_LIBRARY = "libc++";
				CLANG_ENABLE_MODULES = YES;
				CLANG_ENABLE_OBJC_ARC = YES;
				CLANG_ENABLE_OBJC_WEAK = YES;
				CLANG_WARN_BLOCK_CAPTURE_AUTORELEASING = YES;
				CLANG_WARN_BOOL_CONVERSION = YES;
				CLANG_WARN_COMMA = YES;
				CLANG_WARN_CONSTANT_CONVERSION = YES;
				CLANG_WARN_DEPRECATED_OBJC_IMPLEMENTATIONS = YES;
				CLANG_WARN_DIRECT_OBJC_ISA_USAGE = YES_ERROR;
				CLANG_WARN_DOCUMENTATION_COMMENTS = YES;
				CLANG_WARN_EMPTY_BODY = YES;
				CLANG_WARN_ENUM_CONVERSION = YES;
				CLANG_WARN_INFINITE_RECURSION = YES;
				CLANG_WARN_INT_CONVERSION = YES;
				CLANG_WARN_NON_LITERAL_NULL_CONVERSION = YES;
				CLANG_WARN_OBJC_IMPLICIT_RETAIN_SELF = YES;
				CLANG_WARN_OBJC_LITERAL_CONVERSION = YES;
				CLANG_WARN_OBJC_ROOT_CLASS = YES_ERROR;
				CLANG_WARN_RANGE_LOOP_ANALYSIS = YES;
				CLANG_WARN_STRICT_PROTOTYPES = YES;
				CLANG_WARN_SUSPICIOUS_MOVE = YES;
				CLANG_WARN_UNGUARDED_AVAILABILITY = YES_AGGRESSIVE;
				CLANG_WARN_UNREACHABLE_CODE = YES;
				CLANG_WARN__DUPLICATE_METHOD_MATCH = YES;
				CODE_SIGN_IDENTITY = "iPhone Developer";
				COPY_PHASE_STRIP = NO;
				DEBUG_INFORMATION_FORMAT = dwarf;
				ENABLE_STRICT_OBJC_MSGSEND = YES;
				ENABLE_TESTABILITY = YES;
				GCC_C_LANGUAGE_STANDARD = gnu11;
				GCC_DYNAMIC_NO_PIC = NO;
				GCC_NO_COMMON_BLOCKS = YES;
				GCC_OPTIMIZATION_LEVEL = 0;
				GCC_PREPROCESSOR_DEFINITIONS = (
					"DEBUG=1",
					"$(inherited)",
				);
				GCC_WARN_64_TO_32_BIT_CONVERSION = YES;
				GCC_WARN_ABOUT_RETURN_TYPE = YES_ERROR;
				GCC_WARN_UNDECLARED_SELECTOR = YES;
				GCC_WARN_UNINITIALIZED_AUTOS = YES_AGGRESSIVE;
				GCC_WARN_UNUSED_FUNCTION = YES;
				GCC_WARN_UNUSED_VARIABLE = YES;
				IPHONEOS_DEPLOYMENT_TARGET = 12.4;
				MTL_ENABLE_DEBUG_INFO = INCLUDE_SOURCE;
				MTL_FAST_MATH = YES;
				ONLY_ACTIVE_ARCH = YES;
				SDKROOT = iphoneos;
				SWIFT_ACTIVE_COMPILATION_CONDITIONS = DEBUG;
				SWIFT_OPTIMIZATION_LEVEL = "-Onone";
			};
			name = Debug;
		};
		B5012D4022F177D300899585 /* Release */ = {
			isa = XCBuildConfiguration;
			buildSettings = {
				ALWAYS_SEARCH_USER_PATHS = NO;
				CLANG_ANALYZER_NONNULL = YES;
				CLANG_ANALYZER_NUMBER_OBJECT_CONVERSION = YES_AGGRESSIVE;
				CLANG_CXX_LANGUAGE_STANDARD = "gnu++14";
				CLANG_CXX_LIBRARY = "libc++";
				CLANG_ENABLE_MODULES = YES;
				CLANG_ENABLE_OBJC_ARC = YES;
				CLANG_ENABLE_OBJC_WEAK = YES;
				CLANG_WARN_BLOCK_CAPTURE_AUTORELEASING = YES;
				CLANG_WARN_BOOL_CONVERSION = YES;
				CLANG_WARN_COMMA = YES;
				CLANG_WARN_CONSTANT_CONVERSION = YES;
				CLANG_WARN_DEPRECATED_OBJC_IMPLEMENTATIONS = YES;
				CLANG_WARN_DIRECT_OBJC_ISA_USAGE = YES_ERROR;
				CLANG_WARN_DOCUMENTATION_COMMENTS = YES;
				CLANG_WARN_EMPTY_BODY = YES;
				CLANG_WARN_ENUM_CONVERSION = YES;
				CLANG_WARN_INFINITE_RECURSION = YES;
				CLANG_WARN_INT_CONVERSION = YES;
				CLANG_WARN_NON_LITERAL_NULL_CONVERSION = YES;
				CLANG_WARN_OBJC_IMPLICIT_RETAIN_SELF = YES;
				CLANG_WARN_OBJC_LITERAL_CONVERSION = YES;
				CLANG_WARN_OBJC_ROOT_CLASS = YES_ERROR;
				CLANG_WARN_RANGE_LOOP_ANALYSIS = YES;
				CLANG_WARN_STRICT_PROTOTYPES = YES;
				CLANG_WARN_SUSPICIOUS_MOVE = YES;
				CLANG_WARN_UNGUARDED_AVAILABILITY = YES_AGGRESSIVE;
				CLANG_WARN_UNREACHABLE_CODE = YES;
				CLANG_WARN__DUPLICATE_METHOD_MATCH = YES;
				CODE_SIGN_IDENTITY = "iPhone Developer";
				COPY_PHASE_STRIP = NO;
				DEBUG_INFORMATION_FORMAT = "dwarf-with-dsym";
				ENABLE_NS_ASSERTIONS = NO;
				ENABLE_STRICT_OBJC_MSGSEND = YES;
				GCC_C_LANGUAGE_STANDARD = gnu11;
				GCC_NO_COMMON_BLOCKS = YES;
				GCC_WARN_64_TO_32_BIT_CONVERSION = YES;
				GCC_WARN_ABOUT_RETURN_TYPE = YES_ERROR;
				GCC_WARN_UNDECLARED_SELECTOR = YES;
				GCC_WARN_UNINITIALIZED_AUTOS = YES_AGGRESSIVE;
				GCC_WARN_UNUSED_FUNCTION = YES;
				GCC_WARN_UNUSED_VARIABLE = YES;
				IPHONEOS_DEPLOYMENT_TARGET = 12.4;
				MTL_ENABLE_DEBUG_INFO = NO;
				MTL_FAST_MATH = YES;
				SDKROOT = iphoneos;
				SWIFT_COMPILATION_MODE = wholemodule;
				SWIFT_OPTIMIZATION_LEVEL = "-O";
				VALIDATE_PRODUCT = YES;
			};
			name = Release;
		};
		B5012D4222F177D300899585 /* Debug */ = {
			isa = XCBuildConfiguration;
			buildSettings = {
				ASSETCATALOG_COMPILER_APPICON_NAME = AppIcon;
				CODE_SIGN_STYLE = Automatic;
				DEVELOPMENT_TEAM = 5N6YM2V8XK;
				INFOPLIST_FILE = Click/Info.plist;
				IPHONEOS_DEPLOYMENT_TARGET = 13.0;
				LD_RUNPATH_SEARCH_PATHS = (
					"$(inherited)",
					"@executable_path/Frameworks",
				);
				PRODUCT_BUNDLE_IDENTIFIER = com.codewithlouis.Click;
				PRODUCT_NAME = "$(TARGET_NAME)";
				SWIFT_VERSION = 5.0;
				TARGETED_DEVICE_FAMILY = "1,2";
			};
			name = Debug;
		};
		B5012D4322F177D300899585 /* Release */ = {
			isa = XCBuildConfiguration;
			buildSettings = {
				ASSETCATALOG_COMPILER_APPICON_NAME = AppIcon;
				CODE_SIGN_STYLE = Automatic;
				DEVELOPMENT_TEAM = 5N6YM2V8XK;
				INFOPLIST_FILE = Click/Info.plist;
				IPHONEOS_DEPLOYMENT_TARGET = 13.0;
				LD_RUNPATH_SEARCH_PATHS = (
					"$(inherited)",
					"@executable_path/Frameworks",
				);
				PRODUCT_BUNDLE_IDENTIFIER = com.codewithlouis.Click;
				PRODUCT_NAME = "$(TARGET_NAME)";
				SWIFT_VERSION = 5.0;
				TARGETED_DEVICE_FAMILY = "1,2";
			};
			name = Release;
		};
		B5012D4522F177D300899585 /* Debug */ = {
			isa = XCBuildConfiguration;
			buildSettings = {
				ALWAYS_EMBED_SWIFT_STANDARD_LIBRARIES = YES;
				BUNDLE_LOADER = "$(TEST_HOST)";
				CODE_SIGN_STYLE = Automatic;
				DEVELOPMENT_TEAM = 5N6YM2V8XK;
				INFOPLIST_FILE = ClickTests/Info.plist;
				LD_RUNPATH_SEARCH_PATHS = (
					"$(inherited)",
					"@executable_path/Frameworks",
					"@loader_path/Frameworks",
				);
				PRODUCT_BUNDLE_IDENTIFIER = com.codewithlouis.ClickTests;
				PRODUCT_NAME = "$(TARGET_NAME)";
				SWIFT_VERSION = 5.0;
				TARGETED_DEVICE_FAMILY = "1,2";
				TEST_HOST = "$(BUILT_PRODUCTS_DIR)/Click.app/Click";
			};
			name = Debug;
		};
		B5012D4622F177D300899585 /* Release */ = {
			isa = XCBuildConfiguration;
			buildSettings = {
				ALWAYS_EMBED_SWIFT_STANDARD_LIBRARIES = YES;
				BUNDLE_LOADER = "$(TEST_HOST)";
				CODE_SIGN_STYLE = Automatic;
				DEVELOPMENT_TEAM = 5N6YM2V8XK;
				INFOPLIST_FILE = ClickTests/Info.plist;
				LD_RUNPATH_SEARCH_PATHS = (
					"$(inherited)",
					"@executable_path/Frameworks",
					"@loader_path/Frameworks",
				);
				PRODUCT_BUNDLE_IDENTIFIER = com.codewithlouis.ClickTests;
				PRODUCT_NAME = "$(TARGET_NAME)";
				SWIFT_VERSION = 5.0;
				TARGETED_DEVICE_FAMILY = "1,2";
				TEST_HOST = "$(BUILT_PRODUCTS_DIR)/Click.app/Click";
			};
			name = Release;
		};
		B5012D4822F177D300899585 /* Debug */ = {
			isa = XCBuildConfiguration;
			buildSettings = {
				ALWAYS_EMBED_SWIFT_STANDARD_LIBRARIES = YES;
				CODE_SIGN_STYLE = Automatic;
				DEVELOPMENT_TEAM = 5N6YM2V8XK;
				INFOPLIST_FILE = ClickUITests/Info.plist;
				LD_RUNPATH_SEARCH_PATHS = (
					"$(inherited)",
					"@executable_path/Frameworks",
					"@loader_path/Frameworks",
				);
				PRODUCT_BUNDLE_IDENTIFIER = com.codewithlouis.ClickUITests;
				PRODUCT_NAME = "$(TARGET_NAME)";
				SWIFT_VERSION = 5.0;
				TARGETED_DEVICE_FAMILY = "1,2";
				TEST_TARGET_NAME = Click;
			};
			name = Debug;
		};
		B5012D4922F177D300899585 /* Release */ = {
			isa = XCBuildConfiguration;
			buildSettings = {
				ALWAYS_EMBED_SWIFT_STANDARD_LIBRARIES = YES;
				CODE_SIGN_STYLE = Automatic;
				DEVELOPMENT_TEAM = 5N6YM2V8XK;
				INFOPLIST_FILE = ClickUITests/Info.plist;
				LD_RUNPATH_SEARCH_PATHS = (
					"$(inherited)",
					"@executable_path/Frameworks",
					"@loader_path/Frameworks",
				);
				PRODUCT_BUNDLE_IDENTIFIER = com.codewithlouis.ClickUITests;
				PRODUCT_NAME = "$(TARGET_NAME)";
				SWIFT_VERSION = 5.0;
				TARGETED_DEVICE_FAMILY = "1,2";
				TEST_TARGET_NAME = Click;
			};
			name = Release;
		};
/* End XCBuildConfiguration section */

/* Begin XCConfigurationList section */
		B5012D1422F177D300899585 /* Build configuration list for PBXProject "Click" */ = {
			isa = XCConfigurationList;
			buildConfigurations = (
				B5012D3F22F177D300899585 /* Debug */,
				B5012D4022F177D300899585 /* Release */,
			);
			defaultConfigurationIsVisible = 0;
			defaultConfigurationName = Release;
		};
		B5012D4122F177D300899585 /* Build configuration list for PBXNativeTarget "Click" */ = {
			isa = XCConfigurationList;
			buildConfigurations = (
				B5012D4222F177D300899585 /* Debug */,
				B5012D4322F177D300899585 /* Release */,
			);
			defaultConfigurationIsVisible = 0;
			defaultConfigurationName = Release;
		};
		B5012D4422F177D300899585 /* Build configuration list for PBXNativeTarget "ClickTests" */ = {
			isa = XCConfigurationList;
			buildConfigurations = (
				B5012D4522F177D300899585 /* Debug */,
				B5012D4622F177D300899585 /* Release */,
			);
			defaultConfigurationIsVisible = 0;
			defaultConfigurationName = Release;
		};
		B5012D4722F177D300899585 /* Build configuration list for PBXNativeTarget "ClickUITests" */ = {
			isa = XCConfigurationList;
			buildConfigurations = (
				B5012D4822F177D300899585 /* Debug */,
				B5012D4922F177D300899585 /* Release */,
			);
			defaultConfigurationIsVisible = 0;
			defaultConfigurationName = Release;
		};
/* End XCConfigurationList section */
	};
	rootObject = B5012D1122F177D300899585 /* Project object */;
}
